Microsoft Visual Studio Solution File, Format Version 12.00
# Visual Studio Version 17
VisualStudioVersion = 17.5.2.0
MinimumVisualStudioVersion = 10.0.40219.1
Project("{FAE04EC0-301F-11D3-BF4B-00C04F79EFBC}") = "UrlCrawler.Net", "UrlCrawler.Net.csproj", "{AF5DFF81-730D-BCDE-E98C-6CFB5CE8C769}"
EndProject
Global
	GlobalSection(SolutionConfigurationPlatforms) = preSolution
		Debug|Any CPU = Debug|Any CPU
		Release|Any CPU = Release|Any CPU
	EndGlobalSection
	GlobalSection(ProjectConfigurationPlatforms) = postSolution
		{AF5DFF81-730D-BCDE-E98C-6CFB5CE8C769}.Debug|Any CPU.ActiveCfg = Debug|Any CPU
		{AF5DFF81-730D-BCDE-E98C-6CFB5CE8C769}.Debug|Any CPU.Build.0 = Debug|Any CPU
		{AF5DFF81-730D-BCDE-E98C-6CFB5CE8C769}.Release|Any CPU.ActiveCfg = Release|Any CPU
		{AF5DFF81-730D-BCDE-E98C-6CFB5CE8C769}.Release|Any CPU.Build.0 = Release|Any CPU
	EndGlobalSection
	GlobalSection(SolutionProperties) = preSolution
		HideSolutionNode = FALSE
	EndGlobalSection
	GlobalSection(ExtensibilityGlobals) = postSolution
		SolutionGuid = {AF4F2D1E-8938-46FF-9353-AA0773FDDDE9}
	EndGlobalSection
EndGlobal
